{
  "name": "@jw-rami/worktree-audit",
  "version": "0.2.0",
  "lockfileVersion": 3,
  "requires": true,
  "packages": {
    "": {
      "name": "@jw-rami/worktree-audit",
      "version": "0.2.0",
      "license": "UNLICENSED",
      "bin": {
        "worktree-audit": "src/cli.mjs"
      },
      "engines": {
        "node": ">=20"
      }
    }
  }
}
